// !$*UTF8*$!
{
	archiveVersion = 1;
	classes = {
	};
	objectVersion = 56;
	objects = {

/* Begin PBXBuildFile section */
		3927A06C29AD963B0099FA78 /* FruitData.swift in Sources */ = {isa = PBXBuildFile; fileRef = 3927A06B29AD963B0099FA78 /* FruitData.swift */; };
		392F856729ABAA3F00227935 /* FructusApp.swift in Sources */ = {isa = PBXBuildFile; fileRef = 392F856629ABAA3F00227935 /* FructusApp.swift */; };
		392F856929ABAA3F00227935 /* ContentView.swift in Sources */ = {isa = PBXBuildFile; fileRef = 392F856829ABAA3F00227935 /* ContentView.swift */; };
		392F856B29ABAA4000227935 /* Assets.xcassets in Resources */ = {isa = PBXBuildFile; fileRef = 392F856A29ABAA4000227935 /* Assets.xcassets */; };
		392F856E29ABAA4000227935 /* Preview Assets.xcassets in Resources */ = {isa = PBXBuildFile; fileRef = 392F856D29ABAA4000227935 /* Preview Assets.xcassets */; };
		392F857829ABAA4000227935 /* FructusTests.swift in Sources */ = {isa = PBXBuildFile; fileRef = 392F857729ABAA4000227935 /* FructusTests.swift */; };
		392F858229ABAA4000227935 /* FructusUITests.swift in Sources */ = {isa = PBXBuildFile; fileRef = 392F858129ABAA4000227935 /* FructusUITests.swift */; };
		392F858429ABAA4000227935 /* FructusUITestsLaunchTests.swift in Sources */ = {isa = PBXBuildFile; fileRef = 392F858329ABAA4000227935 /* FructusUITestsLaunchTests.swift */; };
		39938CBB29AC7248006605E6 /* FruitCardView.swift in Sources */ = {isa = PBXBuildFile; fileRef = 39938CBA29AC7248006605E6 /* FruitCardView.swift */; };
		39938CBE29AC94AA006605E6 /* StartButtonView.swift in Sources */ = {isa = PBXBuildFile; fileRef = 39938CBD29AC94AA006605E6 /* StartButtonView.swift */; };
		39938CC029ACAD34006605E6 /* OnboardingView.swift in Sources */ = {isa = PBXBuildFile; fileRef = 39938CBF29ACAD34006605E6 /* OnboardingView.swift */; };
		39938CC329ACB3DE006605E6 /* FruitModel.swift in Sources */ = {isa = PBXBuildFile; fileRef = 39938CC229ACB3DE006605E6 /* FruitModel.swift */; };
/* End PBXBuildFile section */

/* Begin PBXContainerItemProxy section */
		392F857429ABAA4000227935 /* PBXContainerItemProxy */ = {
			isa = PBXContainerItemProxy;
			containerPortal = 392F855B29ABAA3F00227935 /* Project object */;
			proxyType = 1;
			remoteGlobalIDString = 392F856229ABAA3F00227935;
			remoteInfo = Fructus;
		};
		392F857E29ABAA4000227935 /* PBXContainerItemProxy */ = {
			isa = PBXContainerItemProxy;
			containerPortal = 392F855B29ABAA3F00227935 /* Project object */;
			proxyType = 1;
			remoteGlobalIDString = 392F856229ABAA3F00227935;
			remoteInfo = Fructus;
		};
/* End PBXContainerItemProxy section */

/* Begin PBXFileReference section */
		3927A06B29AD963B0099FA78 /* FruitData.swift */ = {isa = PBXFileReference; lastKnownFileType = sourcecode.swift; path = FruitData.swift; sourceTree = "<group>"; };
		392F856329ABAA3F00227935 /* Fructus.app */ = {isa = PBXFileReference; explicitFileType = wrapper.application; includeInIndex = 0; path = Fructus.app; sourceTree = BUILT_PRODUCTS_DIR; };
		392F856629ABAA3F00227935 /* FructusApp.swift */ = {isa = PBXFileReference; lastKnownFileType = sourcecode.swift; path = FructusApp.swift; sourceTree = "<group>"; };
		392F856829ABAA3F00227935 /* ContentView.swift */ = {isa = PBXFileReference; lastKnownFileType = sourcecode.swift; path = ContentView.swift; sourceTree = "<group>"; };
		392F856A29ABAA4000227935 /* Assets.xcassets */ = {isa = PBXFileReference; lastKnownFileType = folder.assetcatalog; path = Assets.xcassets; sourceTree = "<group>"; };
		392F856D29ABAA4000227935 /* Preview Assets.xcassets */ = {isa = PBXFileReference; lastKnownFileType = folder.assetcatalog; path = "Preview Assets.xcassets"; sourceTree = "<group>"; };
		392F857329ABAA4000227935 /* FructusTests.xctest */ = {isa = PBXFileReference; explicitFileType = wrapper.cfbundle; includeInIndex = 0; path = FructusTests.xctest; sourceTree = BUILT_PRODUCTS_DIR; };
		392F857729ABAA4000227935 /* FructusTests.swift */ = {isa = PBXFileReference; lastKnownFileType = sourcecode.swift; path = FructusTests.swift; sourceTree = "<group>"; };
		392F857D29ABAA4000227935 /* FructusUITests.xctest */ = {isa = PBXFileReference; explicitFileType = wrapper.cfbundle; includeInIndex = 0; path = FructusUITests.xctest; sourceTree = BUILT_PRODUCTS_DIR; };
		392F858129ABAA4000227935 /* FructusUITests.swift */ = {isa = PBXFileReference; lastKnownFileType = sourcecode.swift; path = FructusUITests.swift; sourceTree = "<group>"; };
		392F858329ABAA4000227935 /* FructusUITestsLaunchTests.swift */ = {isa = PBXFileReference; lastKnownFileType = sourcecode.swift; path = FructusUITestsLaunchTests.swift; sourceTree = "<group>"; };
		39938CBA29AC7248006605E6 /* FruitCardView.swift */ = {isa = PBXFileReference; lastKnownFileType = sourcecode.swift; path = FruitCardView.swift; sourceTree = "<group>"; };
		39938CBD29AC94AA006605E6 /* StartButtonView.swift */ = {isa = PBXFileReference; lastKnownFileType = sourcecode.swift; path = StartButtonView.swift; sourceTree = "<group>"; };
		39938CBF29ACAD34006605E6 /* OnboardingView.swift */ = {isa = PBXFileReference; lastKnownFileType = sourcecode.swift; path = OnboardingView.swift; sourceTree = "<group>"; };
		39938CC229ACB3DE006605E6 /* FruitModel.swift */ = {isa = PBXFileReference; lastKnownFileType = sourcecode.swift; path = FruitModel.swift; sourceTree = "<group>"; };
/* End PBXFileReference section */

/* Begin PBXFrameworksBuildPhase section */
		392F856029ABAA3F00227935 /* Frameworks */ = {
			isa = PBXFrameworksBuildPhase;
			buildActionMask = 2147483647;
			files = (
			);
			runOnlyForDeploymentPostprocessing = 0;
		};
		392F857029ABAA4000227935 /* Frameworks */ = {
			isa = PBXFrameworksBuildPhase;
			buildActionMask = 2147483647;
			files = (
			);
			runOnlyForDeploymentPostprocessing = 0;
		};
		392F857A29ABAA4000227935 /* Frameworks */ = {
			isa = PBXFrameworksBuildPhase;
			buildActionMask = 2147483647;
			files = (
			);
			runOnlyForDeploymentPostprocessing = 0;
		};
/* End PBXFrameworksBuildPhase section */

/* Begin PBXGroup section */
		3927A06A29AD96260099FA78 /* Data */ = {
			isa = PBXGroup;
			children = (
				3927A06B29AD963B0099FA78 /* FruitData.swift */,
			);
			path = Data;
			sourceTree = "<group>";
		};
		392F855A29ABAA3F00227935 = {
			isa = PBXGroup;
			children = (
				392F856529ABAA3F00227935 /* Fructus */,
				392F857629ABAA4000227935 /* FructusTests */,
				392F858029ABAA4000227935 /* FructusUITests */,
				392F856429ABAA3F00227935 /* Products */,
			);
			sourceTree = "<group>";
		};
		392F856429ABAA3F00227935 /* Products */ = {
			isa = PBXGroup;
			children = (
				392F856329ABAA3F00227935 /* Fructus.app */,
				392F857329ABAA4000227935 /* FructusTests.xctest */,
				392F857D29ABAA4000227935 /* FructusUITests.xctest */,
			);
			name = Products;
			sourceTree = "<group>";
		};
		392F856529ABAA3F00227935 /* Fructus */ = {
			isa = PBXGroup;
			children = (
				3927A06A29AD96260099FA78 /* Data */,
				39938CC129ACB3C9006605E6 /* Model */,
				39938CBC29AC724F006605E6 /* View */,
				392F859029ABABBA00227935 /* App */,
				392F856A29ABAA4000227935 /* Assets.xcassets */,
				392F856C29ABAA4000227935 /* Preview Content */,
			);
			path = Fructus;
			sourceTree = "<group>";
		};
		392F856C29ABAA4000227935 /* Preview Content */ = {
			isa = PBXGroup;
			children = (
				392F856D29ABAA4000227935 /* Preview Assets.xcassets */,
			);
			path = "Preview Content";
			sourceTree = "<group>";
		};
		392F857629ABAA4000227935 /* FructusTests */ = {
			isa = PBXGroup;
			children = (
				392F857729ABAA4000227935 /* FructusTests.swift */,
			);
			path = FructusTests;
			sourceTree = "<group>";
		};
		392F858029ABAA4000227935 /* FructusUITests */ = {
			isa = PBXGroup;
			children = (
				392F858129ABAA4000227935 /* FructusUITests.swift */,
				392F858329ABAA4000227935 /* FructusUITestsLaunchTests.swift */,
			);
			path = FructusUITests;
			sourceTree = "<group>";
		};
		392F859029ABABBA00227935 /* App */ = {
			isa = PBXGroup;
			children = (
				392F856629ABAA3F00227935 /* FructusApp.swift */,
				392F856829ABAA3F00227935 /* ContentView.swift */,
				39938CBF29ACAD34006605E6 /* OnboardingView.swift */,
			);
			path = App;
			sourceTree = "<group>";
		};
		39938CBC29AC724F006605E6 /* View */ = {
			isa = PBXGroup;
			children = (
				39938CBA29AC7248006605E6 /* FruitCardView.swift */,
				39938CBD29AC94AA006605E6 /* StartButtonView.swift */,
			);
			path = View;
			sourceTree = "<group>";
		};
		39938CC129ACB3C9006605E6 /* Model */ = {
			isa = PBXGroup;
			children = (
				39938CC229ACB3DE006605E6 /* FruitModel.swift */,
			);
			path = Model;
			sourceTree = "<group>";
		};
/* End PBXGroup section */

/* Begin PBXNativeTarget section */
		392F856229ABAA3F00227935 /* Fructus */ = {
			isa = PBXNativeTarget;
			buildConfigurationList = 392F858729ABAA4000227935 /* Build configuration list for PBXNativeTarget "Fructus" */;
			buildPhases = (
				392F855F29ABAA3F00227935 /* Sources */,
				392F856029ABAA3F00227935 /* Frameworks */,
				392F856129ABAA3F00227935 /* Resources */,
			);
			buildRules = (
			);
			dependencies = (
			);
			name = Fructus;
			productName = Fructus;
			productReference = 392F856329ABAA3F00227935 /* Fructus.app */;
			productType = "com.apple.product-type.application";
		};
		392F857229ABAA4000227935 /* FructusTests */ = {
			isa = PBXNativeTarget;
			buildConfigurationList = 392F858A29ABAA4000227935 /* Build configuration list for PBXNativeTarget "FructusTests" */;
			buildPhases = (
				392F856F29ABAA4000227935 /* Sources */,
				392F857029ABAA4000227935 /* Frameworks */,
				392F857129ABAA4000227935 /* Resources */,
			);
			buildRules = (
			);
			dependencies = (
				392F857529ABAA4000227935 /* PBXTargetDependency */,
			);
			name = FructusTests;
			productName = FructusTests;
			productReference = 392F857329ABAA4000227935 /* FructusTests.xctest */;
			productType = "com.apple.product-type.bundle.unit-test";
		};
		392F857C29ABAA4000227935 /* FructusUITests */ = {
			isa = PBXNativeTarget;
			buildConfigurationList = 392F858D29ABAA4000227935 /* Build configuration list for PBXNativeTarget "FructusUITests" */;
			buildPhases = (
				392F857929ABAA4000227935 /* Sources */,
				392F857A29ABAA4000227935 /* Frameworks */,
				392F857B29ABAA4000227935 /* Resources */,
			);
			buildRules = (
			);
			dependencies = (
				392F857F29ABAA4000227935 /* PBXTargetDependency */,
			);
			name = FructusUITests;
			productName = FructusUITests;
			productReference = 392F857D29ABAA4000227935 /* FructusUITests.xctest */;
			productType = "com.apple.product-type.bundle.ui-testing";
		};
/* End PBXNativeTarget section */

/* Begin PBXProject section */
		392F855B29ABAA3F00227935 /* Project object */ = {
			isa = PBXProject;
			attributes = {
				BuildIndependentTargetsInParallel = 1;
				LastSwiftUpdateCheck = 1420;
				LastUpgradeCheck = 1420;
				TargetAttributes = {
					392F856229ABAA3F00227935 = {
						CreatedOnToolsVersion = 14.2;
					};
					392F857229ABAA4000227935 = {
						CreatedOnToolsVersion = 14.2;
						TestTargetID = 392F856229ABAA3F00227935;
					};
					392F857C29ABAA4000227935 = {
						CreatedOnToolsVersion = 14.2;
						TestTargetID = 392F856229ABAA3F00227935;
					};
				};
			};
			buildConfigurationList = 392F855E29ABAA3F00227935 /* Build configuration list for PBXProject "Fructus" */;
			compatibilityVersion = "Xcode 14.0";
			developmentRegion = en;
			hasScannedForEncodings = 0;
			knownRegions = (
				en,
				Base,
			);
			mainGroup = 392F855A29ABAA3F00227935;
			productRefGroup = 392F856429ABAA3F00227935 /* Products */;
			projectDirPath = "";
			projectRoot = "";
			targets = (
				392F856229ABAA3F00227935 /* Fructus */,
				392F857229ABAA4000227935 /* FructusTests */,
				392F857C29ABAA4000227935 /* FructusUITests */,
			);
		};
/* End PBXProject section */

/* Begin PBXResourcesBuildPhase section */
		392F856129ABAA3F00227935 /* Resources */ = {
			isa = PBXResourcesBuildPhase;
			buildActionMask = 2147483647;
			files = (
				392F856E29ABAA4000227935 /* Preview Assets.xcassets in Resources */,
				392F856B29ABAA4000227935 /* Assets.xcassets in Resources */,
			);
			runOnlyForDeploymentPostprocessing = 0;
		};
		392F857129ABAA4000227935 /* Resources */ = {
			isa = PBXResourcesBuildPhase;
			buildActionMask = 2147483647;
			files = (
			);
			runOnlyForDeploymentPostprocessing = 0;
		};
		392F857B29ABAA4000227935 /* Resources */ = {
			isa = PBXResourcesBuildPhase;
			buildActionMask = 2147483647;
			files = (
			);
			runOnlyForDeploymentPostprocessing = 0;
		};
/* End PBXResourcesBuildPhase section */

/* Begin PBXSourcesBuildPhase section */
		392F855F29ABAA3F00227935 /* Sources */ = {
			isa = PBXSourcesBuildPhase;
			buildActionMask = 2147483647;
			files = (
				3927A06C29AD963B0099FA78 /* FruitData.swift in Sources */,
				39938CBB29AC7248006605E6 /* FruitCardView.swift in Sources */,
				39938CBE29AC94AA006605E6 /* StartButtonView.swift in Sources */,
				392F856929ABAA3F00227935 /* ContentView.swift in Sources */,
				39938CC029ACAD34006605E6 /* OnboardingView.swift in Sources */,
				39938CC329ACB3DE006605E6 /* FruitModel.swift in Sources */,
				392F856729ABAA3F00227935 /* FructusApp.swift in Sources */,
			);
			runOnlyForDeploymentPostprocessing = 0;
		};
		392F856F29ABAA4000227935 /* Sources */ = {
			isa = PBXSourcesBuildPhase;
			buildActionMask = 2147483647;
			files = (
				392F857829ABAA4000227935 /* FructusTests.swift in Sources */,
			);
			runOnlyForDeploymentPostprocessing = 0;
		};
		392F857929ABAA4000227935 /* Sources */ = {
			isa = PBXSourcesBuildPhase;
			buildActionMask = 2147483647;
			files = (
				392F858229ABAA4000227935 /* FructusUITests.swift in Sources */,
				392F858429ABAA4000227935 /* FructusUITestsLaunchTests.swift in Sources */,
			);
			runOnlyForDeploymentPostprocessing = 0;
		};
/* End PBXSourcesBuildPhase section */

/* Begin PBXTargetDependency section */
		392F857529ABAA4000227935 /* PBXTargetDependency */ = {
			isa = PBXTargetDependency;
			target = 392F856229ABAA3F00227935 /* Fructus */;
			targetProxy = 392F857429ABAA4000227935 /* PBXContainerItemProxy */;
		};
		392F857F29ABAA4000227935 /* PBXTargetDependency */ = {
			isa = PBXTargetDependency;
			target = 392F856229ABAA3F00227935 /* Fructus */;
			targetProxy = 392F857E29ABAA4000227935 /* PBXContainerItemProxy */;
		};
/* End PBXTargetDependency section */

/* Begin XCBuildConfiguration section */
		392F858529ABAA4000227935 /* Debug */ = {
			isa = XCBuildConfiguration;
			buildSettings = {
				ALWAYS_SEARCH_USER_PATHS = NO;
				CLANG_ANALYZER_NONNULL = YES;
				CLANG_ANALYZER_NUMBER_OBJECT_CONVERSION = YES_AGGRESSIVE;
				CLANG_CXX_LANGUAGE_STANDARD = "gnu++20";
				CLANG_ENABLE_MODULES = YES;
				CLANG_ENABLE_OBJC_ARC = YES;
				CLANG_ENABLE_OBJC_WEAK = YES;
				CLANG_WARN_BLOCK_CAPTURE_AUTORELEASING = YES;
				CLANG_WARN_BOOL_CONVERSION = YES;
				CLANG_WARN_COMMA = YES;
				CLANG_WARN_CONSTANT_CONVERSION = YES;
				CLANG_WARN_DEPRECATED_OBJC_IMPLEMENTATIONS = YES;
				CLANG_WARN_DIRECT_OBJC_ISA_USAGE = YES_ERROR;
				CLANG_WARN_DOCUMENTATION_COMMENTS = YES;
				CLANG_WARN_EMPTY_BODY = YES;
				CLANG_WARN_ENUM_CONVERSION = YES;
				CLANG_WARN_INFINITE_RECURSION = YES;
				CLANG_WARN_INT_CONVERSION = YES;
				CLANG_WARN_NON_LITERAL_NULL_CONVERSION = YES;
				CLANG_WARN_OBJC_IMPLICIT_RETAIN_SELF = YES;
				CLANG_WARN_OBJC_LITERAL_CONVERSION = YES;
				CLANG_WARN_OBJC_ROOT_CLASS = YES_ERROR;
				CLANG_WARN_QUOTED_INCLUDE_IN_FRAMEWORK_HEADER = YES;
				CLANG_WARN_RANGE_LOOP_ANALYSIS = YES;
				CLANG_WARN_STRICT_PROTOTYPES = YES;
				CLANG_WARN_SUSPICIOUS_MOVE = YES;
				CLANG_WARN_UNGUARDED_AVAILABILITY = YES_AGGRESSIVE;
				CLANG_WARN_UNREACHABLE_CODE = YES;
				CLANG_WARN__DUPLICATE_METHOD_MATCH = YES;
				COPY_PHASE_STRIP = NO;
				DEBUG_INFORMATION_FORMAT = dwarf;
				ENABLE_STRICT_OBJC_MSGSEND = YES;
				ENABLE_TESTABILITY = YES;
				GCC_C_LANGUAGE_STANDARD = gnu11;
				GCC_DYNAMIC_NO_PIC = NO;
				GCC_NO_COMMON_BLOCKS = YES;
				GCC_OPTIMIZATION_LEVEL = 0;
				GCC_PREPROCESSOR_DEFINITIONS = (
					"DEBUG=1",
					"$(inherited)",
				);
				GCC_WARN_64_TO_32_BIT_CONVERSION = YES;
				GCC_WARN_ABOUT_RETURN_TYPE = YES_ERROR;
				GCC_WARN_UNDECLARED_SELECTOR = YES;
				GCC_WARN_UNINITIALIZED_AUTOS = YES_AGGRESSIVE;
				GCC_WARN_UNUSED_FUNCTION = YES;
				GCC_WARN_UNUSED_VARIABLE = YES;
				IPHONEOS_DEPLOYMENT_TARGET = 16.2;
				MTL_ENABLE_DEBUG_INFO = INCLUDE_SOURCE;
				MTL_FAST_MATH = YES;
				ONLY_ACTIVE_ARCH = YES;
				SDKROOT = iphoneos;
				SWIFT_ACTIVE_COMPILATION_CONDITIONS = DEBUG;
				SWIFT_OPTIMIZATION_LEVEL = "-Onone";
			};
			name = Debug;
		};
		392F858629ABAA4000227935 /* Release */ = {
			isa = XCBuildConfiguration;
			buildSettings = {
				ALWAYS_SEARCH_USER_PATHS = NO;
				CLANG_ANALYZER_NONNULL = YES;
				CLANG_ANALYZER_NUMBER_OBJECT_CONVERSION = YES_AGGRESSIVE;
				CLANG_CXX_LANGUAGE_STANDARD = "gnu++20";
				CLANG_ENABLE_MODULES = YES;
				CLANG_ENABLE_OBJC_ARC = YES;
				CLANG_ENABLE_OBJC_WEAK = YES;
				CLANG_WARN_BLOCK_CAPTURE_AUTORELEASING = YES;
				CLANG_WARN_BOOL_CONVERSION = YES;
				CLANG_WARN_COMMA = YES;
				CLANG_WARN_CONSTANT_CONVERSION = YES;
				CLANG_WARN_DEPRECATED_OBJC_IMPLEMENTATIONS = YES;
				CLANG_WARN_DIRECT_OBJC_ISA_USAGE = YES_ERROR;
				CLANG_WARN_DOCUMENTATION_COMMENTS = YES;
				CLANG_WARN_EMPTY_BODY = YES;
				CLANG_WARN_ENUM_CONVERSION = YES;
				CLANG_WARN_INFINITE_RECURSION = YES;
				CLANG_WARN_INT_CONVERSION = YES;
				CLANG_WARN_NON_LITERAL_NULL_CONVERSION = YES;
				CLANG_WARN_OBJC_IMPLICIT_RETAIN_SELF = YES;
				CLANG_WARN_OBJC_LITERAL_CONVERSION = YES;
				CLANG_WARN_OBJC_ROOT_CLASS = YES_ERROR;
				CLANG_WARN_QUOTED_INCLUDE_IN_FRAMEWORK_HEADER = YES;
				CLANG_WARN_RANGE_LOOP_ANALYSIS = YES;
				CLANG_WARN_STRICT_PROTOTYPES = YES;
				CLANG_WARN_SUSPICIOUS_MOVE = YES;
				CLANG_WARN_UNGUARDED_AVAILABILITY = YES_AGGRESSIVE;
				CLANG_WARN_UNREACHABLE_CODE = YES;
				CLANG_WARN__DUPLICATE_METHOD_MATCH = YES;
				COPY_PHASE_STRIP = NO;
				DEBUG_INFORMATION_FORMAT = "dwarf-with-dsym";
				ENABLE_NS_ASSERTIONS = NO;
				ENABLE_STRICT_OBJC_MSGSEND = YES;
				GCC_C_LANGUAGE_STANDARD = gnu11;
				GCC_NO_COMMON_BLOCKS = YES;
				GCC_WARN_64_TO_32_BIT_CONVERSION = YES;
				GCC_WARN_ABOUT_RETURN_TYPE = YES_ERROR;
				GCC_WARN_UNDECLARED_SELECTOR = YES;
				GCC_WARN_UNINITIALIZED_AUTOS = YES_AGGRESSIVE;
				GCC_WARN_UNUSED_FUNCTION = YES;
				GCC_WARN_UNUSED_VARIABLE = YES;
				IPHONEOS_DEPLOYMENT_TARGET = 16.2;
				MTL_ENABLE_DEBUG_INFO = NO;
				MTL_FAST_MATH = YES;
				SDKROOT = iphoneos;
				SWIFT_COMPILATION_MODE = wholemodule;
				SWIFT_OPTIMIZATION_LEVEL = "-O";
				VALIDATE_PRODUCT = YES;
			};
			name = Release;
		};
		392F858829ABAA4000227935 /* Debug */ = {
			isa = XCBuildConfiguration;
			buildSettings = {
				ASSETCATALOG_COMPILER_APPICON_NAME = AppIcon;
				ASSETCATALOG_COMPILER_GLOBAL_ACCENT_COLOR_NAME = AccentColor;
				CODE_SIGN_STYLE = Automatic;
				CURRENT_PROJECT_VERSION = 1;
				DEVELOPMENT_ASSET_PATHS = "\"Fructus/Preview Content\"";
				ENABLE_PREVIEWS = YES;
				GENERATE_INFOPLIST_FILE = YES;
				INFOPLIST_KEY_UIApplicationSceneManifest_Generation = YES;
				INFOPLIST_KEY_UIApplicationSupportsIndirectInputEvents = YES;
				INFOPLIST_KEY_UILaunchScreen_Generation = YES;
				INFOPLIST_KEY_UISupportedInterfaceOrientations = UIInterfaceOrientationPortrait;
				INFOPLIST_KEY_UISupportedInterfaceOrientations_iPad = "UIInterfaceOrientationLandscapeLeft UIInterfaceOrientationLandscapeRight UIInterfaceOrientationPortrait UIInterfaceOrientationPortraitUpsideDown";
				LD_RUNPATH_SEARCH_PATHS = (
					"$(inherited)",
					"@executable_path/Frameworks",
				);
				MARKETING_VERSION = 1.0;
				PRODUCT_BUNDLE_IDENTIFIER = com.HackAttack.Fructus;
				PRODUCT_NAME = "$(TARGET_NAME)";
				SWIFT_EMIT_LOC_STRINGS = YES;
				SWIFT_VERSION = 5.0;
				TARGETED_DEVICE_FAMILY = "1,2";
			};
			name = Debug;
		};
		392F858929ABAA4000227935 /* Release */ = {
			isa = XCBuildConfiguration;
			buildSettings = {
				ASSETCATALOG_COMPILER_APPICON_NAME = AppIcon;
				ASSETCATALOG_COMPILER_GLOBAL_ACCENT_COLOR_NAME = AccentColor;
				CODE_SIGN_STYLE = Automatic;
				CURRENT_PROJECT_VERSION = 1;
				DEVELOPMENT_ASSET_PATHS = "\"Fructus/Preview Content\"";
				ENABLE_PREVIEWS = YES;
				GENERATE_INFOPLIST_FILE = YES;
				INFOPLIST_KEY_UIApplicationSceneManifest_Generation = YES;
				INFOPLIST_KEY_UIApplicationSupportsIndirectInputEvents = YES;
				INFOPLIST_KEY_UILaunchScreen_Generation = YES;
				INFOPLIST_KEY_UISupportedInterfaceOrientations = UIInterfaceOrientationPortrait;
				INFOPLIST_KEY_UISupportedInterfaceOrientations_iPad = "UIInterfaceOrientationLandscapeLeft UIInterfaceOrientationLandscapeRight UIInterfaceOrientationPortrait UIInterfaceOrientationPortraitUpsideDown";
				LD_RUNPATH_SEARCH_PATHS = (
					"$(inherited)",
					"@executable_path/Frameworks",
				);
				MARKETING_VERSION = 1.0;
				PRODUCT_BUNDLE_IDENTIFIER = com.HackAttack.Fructus;
				PRODUCT_NAME = "$(TARGET_NAME)";
				SWIFT_EMIT_LOC_STRINGS = YES;
				SWIFT_VERSION = 5.0;
				TARGETED_DEVICE_FAMILY = "1,2";
			};
			name = Release;
		};
		392F858B29ABAA4000227935 /* Debug */ = {
			isa = XCBuildConfiguration;
			buildSettings = {
				ALWAYS_EMBED_SWIFT_STANDARD_LIBRARIES = YES;
				BUNDLE_LOADER = "$(TEST_HOST)";
				CODE_SIGN_STYLE = Automatic;
				CURRENT_PROJECT_VERSION = 1;
				GENERATE_INFOPLIST_FILE = YES;
				IPHONEOS_DEPLOYMENT_TARGET = 16.2;
				MARKETING_VERSION = 1.0;
				PRODUCT_BUNDLE_IDENTIFIER = com.HackAttack.FructusTests;
				PRODUCT_NAME = "$(TARGET_NAME)";
				SWIFT_EMIT_LOC_STRINGS = NO;
				SWIFT_VERSION = 5.0;
				TARGETED_DEVICE_FAMILY = "1,2";
				TEST_HOST = "$(BUILT_PRODUCTS_DIR)/Fructus.app/$(BUNDLE_EXECUTABLE_FOLDER_PATH)/Fructus";
			};
			name = Debug;
		};
		392F858C29ABAA4000227935 /* Release */ = {
			isa = XCBuildConfiguration;
			buildSettings = {
				ALWAYS_EMBED_SWIFT_STANDARD_LIBRARIES = YES;
				BUNDLE_LOADER = "$(TEST_HOST)";
				CODE_SIGN_STYLE = Automatic;
				CURRENT_PROJECT_VERSION = 1;
				GENERATE_INFOPLIST_FILE = YES;
				IPHONEOS_DEPLOYMENT_TARGET = 16.2;
				MARKETING_VERSION = 1.0;
				PRODUCT_BUNDLE_IDENTIFIER = com.HackAttack.FructusTests;
				PRODUCT_NAME = "$(TARGET_NAME)";
				SWIFT_EMIT_LOC_STRINGS = NO;
				SWIFT_VERSION = 5.0;
				TARGETED_DEVICE_FAMILY = "1,2";
				TEST_HOST = "$(BUILT_PRODUCTS_DIR)/Fructus.app/$(BUNDLE_EXECUTABLE_FOLDER_PATH)/Fructus";
			};
			name = Release;
		};
		392F858E29ABAA4000227935 /* Debug */ = {
			isa = XCBuildConfiguration;
			buildSettings = {
				ALWAYS_EMBED_SWIFT_STANDARD_LIBRARIES = YES;
				CODE_SIGN_STYLE = Automatic;
				CURRENT_PROJECT_VERSION = 1;
				GENERATE_INFOPLIST_FILE = YES;
				MARKETING_VERSION = 1.0;
				PRODUCT_BUNDLE_IDENTIFIER = com.HackAttack.FructusUITests;
				PRODUCT_NAME = "$(TARGET_NAME)";
				SWIFT_EMIT_LOC_STRINGS = NO;
				SWIFT_VERSION = 5.0;
				TARGETED_DEVICE_FAMILY = "1,2";
				TEST_TARGET_NAME = Fructus;
			};
			name = Debug;
		};
		392F858F29ABAA4000227935 /* Release */ = {
			isa = XCBuildConfiguration;
			buildSettings = {
				ALWAYS_EMBED_SWIFT_STANDARD_LIBRARIES = YES;
				CODE_SIGN_STYLE = Automatic;
				CURRENT_PROJECT_VERSION = 1;
				GENERATE_INFOPLIST_FILE = YES;
				MARKETING_VERSION = 1.0;
				PRODUCT_BUNDLE_IDENTIFIER = com.HackAttack.FructusUITests;
				PRODUCT_NAME = "$(TARGET_NAME)";
				SWIFT_EMIT_LOC_STRINGS = NO;
				SWIFT_VERSION = 5.0;
				TARGETED_DEVICE_FAMILY = "1,2";
				TEST_TARGET_NAME = Fructus;
			};
			name = Release;
		};
/* End XCBuildConfiguration section */

/* Begin XCConfigurationList section */
		392F855E29ABAA3F00227935 /* Build configuration list for PBXProject "Fructus" */ = {
			isa = XCConfigurationList;
			buildConfigurations = (
				392F858529ABAA4000227935 /* Debug */,
				392F858629ABAA4000227935 /* Release */,
			);
			defaultConfigurationIsVisible = 0;
			defaultConfigurationName = Release;
		};
		392F858729ABAA4000227935 /* Build configuration list for PBXNativeTarget "Fructus" */ = {
			isa = XCConfigurationList;
			buildConfigurations = (
				392F858829ABAA4000227935 /* Debug */,
				392F858929ABAA4000227935 /* Release */,
			);
			defaultConfigurationIsVisible = 0;
			defaultConfigurationName = Release;
		};
		392F858A29ABAA4000227935 /* Build configuration list for PBXNativeTarget "FructusTests" */ = {
			isa = XCConfigurationList;
			buildConfigurations = (
				392F858B29ABAA4000227935 /* Debug */,
				392F858C29ABAA4000227935 /* Release */,
			);
			defaultConfigurationIsVisible = 0;
			defaultConfigurationName = Release;
		};
		392F858D29ABAA4000227935 /* Build configuration list for PBXNativeTarget "FructusUITests" */ = {
			isa = XCConfigurationList;
			buildConfigurations = (
				392F858E29ABAA4000227935 /* Debug */,
				392F858F29ABAA4000227935 /* Release */,
			);
			defaultConfigurationIsVisible = 0;
			defaultConfigurationName = Release;
		};
/* End XCConfigurationList section */
	};
	rootObject = 392F855B29ABAA3F00227935 /* Project object */;
}
